
Microsoft Visual Studio Solution File, Format Version 12.00
# Visual Studio Version 17
VisualStudioVersion = 17.10.35122.118
MinimumVisualStudioVersion = 10.0.40219.1
Project("{FAE04EC0-301F-11D3-BF4B-00C04F79EFBC}") = "WebApplication1", "WebApplication1.csproj", "{8F33C0C7-BEA8-462C-8B8E-009F6F25E4D2}"
EndProject
Project("{FAE04EC0-301F-11D3-BF4B-00C04F79EFBC}") = "Datos", "Datos\Datos.csproj", "{6E35A5F1-2C3B-4413-9225-4690C93F2782}"
EndProject
Project("{FAE04EC0-301F-11D3-BF4B-00C04F79EFBC}") = "Modelo", "Modelo\Modelo.csproj", "{1D8AD694-221C-4BA9-99A3-5F9E3BFD3618}"
EndProject
Global
	GlobalSection(SolutionConfigurationPlatforms) = preSolution
		Debug|Any CPU = Debug|Any CPU
		Release|Any CPU = Release|Any CPU
	EndGlobalSection
	GlobalSection(ProjectConfigurationPlatforms) = postSolution
		{8F33C0C7-BEA8-462C-8B8E-009F6F25E4D2}.Debug|Any CPU.ActiveCfg = Debug|Any CPU
		{8F33C0C7-BEA8-462C-8B8E-009F6F25E4D2}.Debug|Any CPU.Build.0 = Debug|Any CPU
		{8F33C0C7-BEA8-462C-8B8E-009F6F25E4D2}.Release|Any CPU.ActiveCfg = Release|Any CPU
		{8F33C0C7-BEA8-462C-8B8E-009F6F25E4D2}.Release|Any CPU.Build.0 = Release|Any CPU
		{6E35A5F1-2C3B-4413-9225-4690C93F2782}.Debug|Any CPU.ActiveCfg = Debug|Any CPU
		{6E35A5F1-2C3B-4413-9225-4690C93F2782}.Debug|Any CPU.Build.0 = Debug|Any CPU
		{6E35A5F1-2C3B-4413-9225-4690C93F2782}.Release|Any CPU.ActiveCfg = Release|Any CPU
		{6E35A5F1-2C3B-4413-9225-4690C93F2782}.Release|Any CPU.Build.0 = Release|Any CPU
		{1D8AD694-221C-4BA9-99A3-5F9E3BFD3618}.Debug|Any CPU.ActiveCfg = Debug|Any CPU
		{1D8AD694-221C-4BA9-99A3-5F9E3BFD3618}.Debug|Any CPU.Build.0 = Debug|Any CPU
		{1D8AD694-221C-4BA9-99A3-5F9E3BFD3618}.Release|Any CPU.ActiveCfg = Release|Any CPU
		{1D8AD694-221C-4BA9-99A3-5F9E3BFD3618}.Release|Any CPU.Build.0 = Release|Any CPU
	EndGlobalSection
	GlobalSection(SolutionProperties) = preSolution
		HideSolutionNode = FALSE
	EndGlobalSection
	GlobalSection(ExtensibilityGlobals) = postSolution
		SolutionGuid = {2405BB3D-6FA4-4465-BDE3-E789C055B874}
	EndGlobalSection
EndGlobal
